
Microsoft Visual Studio Solution File, Format Version 12.00
# Visual Studio 15
VisualStudioVersion = 15.0.28010.2041
MinimumVisualStudioVersion = 10.0.40219.1
Project("{FAE04EC0-301F-11D3-BF4B-00C04F79EFBC}") = "Loader", "Loader\Loader.csproj", "{907CD2D8-EACC-4DE4-ADBE-617F10AE2C12}"
EndProject
Project("{FAE04EC0-301F-11D3-BF4B-00C04F79EFBC}") = "Hook", "Hook\Hook.csproj", "{C7C6B0B3-7C2C-4C23-A3E9-E0DD566C993B}"
EndProject
Global
	GlobalSection(SolutionConfigurationPlatforms) = preSolution
		Debug|Any CPU = Debug|Any CPU
		Release|Any CPU = Release|Any CPU
	EndGlobalSection
	GlobalSection(ProjectConfigurationPlatforms) = postSolution
		{907CD2D8-EACC-4DE4-ADBE-617F10AE2C12}.Debug|Any CPU.ActiveCfg = Debug|Any CPU
		{907CD2D8-EACC-4DE4-ADBE-617F10AE2C12}.Debug|Any CPU.Build.0 = Debug|Any CPU
		{907CD2D8-EACC-4DE4-ADBE-617F10AE2C12}.Release|Any CPU.ActiveCfg = Release|Any CPU
		{907CD2D8-EACC-4DE4-ADBE-617F10AE2C12}.Release|Any CPU.Build.0 = Release|Any CPU
		{C7C6B0B3-7C2C-4C23-A3E9-E0DD566C993B}.Debug|Any CPU.ActiveCfg = Debug|Any CPU
		{C7C6B0B3-7C2C-4C23-A3E9-E0DD566C993B}.Debug|Any CPU.Build.0 = Debug|Any CPU
		{C7C6B0B3-7C2C-4C23-A3E9-E0DD566C993B}.Release|Any CPU.ActiveCfg = Release|Any CPU
		{C7C6B0B3-7C2C-4C23-A3E9-E0DD566C993B}.Release|Any CPU.Build.0 = Release|Any CPU
	EndGlobalSection
	GlobalSection(SolutionProperties) = preSolution
		HideSolutionNode = FALSE
	EndGlobalSection
	GlobalSection(ExtensibilityGlobals) = postSolution
		SolutionGuid = {8161220F-425D-4162-9CCF-25A253F3305A}
	EndGlobalSection
EndGlobal
